{
    "_readme": [
        "This file locks the dependencies of your project to a known state",
        "Read more about it at http://getcomposer.org/doc/01-basic-usage.md#composer-lock-the-lock-file",
        "This file is @generated automatically"
    ],
    "hash": "18c175e6bf338a5cf2e07361760aa823",
    "packages": [
        {
            "name": "jasig/phpcas",
            "version": "dev-master",
            "source": {
                "type": "git",
                "url": "https://github.com/Jasig/phpCAS.git",
                "reference": "7a789368484883e7a1597a28a2597d0c1e98f818"
            },
            "dist": {
                "type": "zip",
                "url": "https://api.github.com/repos/Jasig/phpCAS/zipball/7a789368484883e7a1597a28a2597d0c1e98f818",
                "reference": "7a789368484883e7a1597a28a2597d0c1e98f818",
                "shasum": ""
            },
            "require": {
                "php": ">=5.0.0"
            },
            "require-dev": {
                "phpunit/phpunit": "~3.7.10"
            },
            "type": "library",
            "extra": {
                "branch-alias": {
                    "dev-master": "1.3.x-dev"
                }
            },
            "autoload": {
                "classmap": [
                    "source/"
                ]
            },
            "notification-url": "https://packagist.org/downloads/",
            "license": [
                "Apache-2.0"
            ],
            "authors": [
                {
                    "name": "Joachim Fritschi",
                    "homepage": "https://wiki.jasig.org/display/~fritschi"
                },
                {
                    "name": "Adam Franco",
                    "homepage": "https://wiki.jasig.org/display/~adamfranco"
                }
            ],
            "description": "Provides a simple API for authenticating users against a CAS server",
            "homepage": "https://wiki.jasig.org/display/CASC/phpCAS",
            "keywords": [
                "cas",
                "jasig"
            ],
            "time": "2014-08-31 10:35:04"
        },
        {
            "name": "psr/log",
            "version": "dev-master",
            "source": {
                "type": "git",
                "url": "https://github.com/php-fig/log.git",
                "reference": "a78d6504ff5d4367497785ab2ade91db3a9fbe11"
            },
            "dist": {
                "type": "zip",
                "url": "https://api.github.com/repos/php-fig/log/zipball/a78d6504ff5d4367497785ab2ade91db3a9fbe11",
                "reference": "a78d6504ff5d4367497785ab2ade91db3a9fbe11",
                "shasum": ""
            },
            "type": "library",
            "extra": {
                "branch-alias": {
                    "dev-master": "1.0.x-dev"
                }
            },
            "autoload": {
                "psr-0": {
                    "Psr\\Log\\": ""
                }
            },
            "notification-url": "https://packagist.org/downloads/",
            "license": [
                "MIT"
            ],
            "authors": [
                {
                    "name": "PHP-FIG",
                    "homepage": "http://www.php-fig.org/"
                }
            ],
            "description": "Common interface for logging libraries",
            "keywords": [
                "log",
                "psr",
                "psr-3"
            ],
            "time": "2014-01-18 15:33:09"
        },
        {
            "name": "symfony/debug",
            "version": "2.7.x-dev",
            "target-dir": "Symfony/Component/Debug",
            "source": {
                "type": "git",
                "url": "https://github.com/symfony/Debug.git",
                "reference": "39f7b9d9e938906b28b285b6a90bf30722ab5d60"
            },
            "dist": {
                "type": "zip",
                "url": "https://api.github.com/repos/symfony/Debug/zipball/39f7b9d9e938906b28b285b6a90bf30722ab5d60",
                "reference": "39f7b9d9e938906b28b285b6a90bf30722ab5d60",
                "shasum": ""
            },
            "require": {
                "php": ">=5.3.3",
                "psr/log": "~1.0"
            },
            "require-dev": {
                "symfony/http-foundation": "~2.1",
                "symfony/http-kernel": "~2.2"
            },
            "suggest": {
                "symfony/http-foundation": "",
                "symfony/http-kernel": ""
            },
            "type": "library",
            "extra": {
                "branch-alias": {
                    "dev-master": "2.7-dev"
                }
            },
            "autoload": {
                "psr-0": {
                    "Symfony\\Component\\Debug\\": ""
                }
            },
            "notification-url": "https://packagist.org/downloads/",
            "license": [
                "MIT"
            ],
            "authors": [
                {
                    "name": "Symfony Community",
                    "homepage": "http://symfony.com/contributors"
                },
                {
                    "name": "Fabien Potencier",
                    "email": "fabien@symfony.com"
                }
            ],
            "description": "Symfony Debug Component",
            "homepage": "http://symfony.com",
            "time": "2014-12-20 16:07:09"
        },
        {
            "name": "symfony/event-dispatcher",
            "version": "2.7.x-dev",
            "target-dir": "Symfony/Component/EventDispatcher",
            "source": {
                "type": "git",
                "url": "https://github.com/symfony/EventDispatcher.git",
                "reference": "24f2c9ea9353cbb25dc40786272f0b4f42ba3d3c"
            },
            "dist": {
                "type": "zip",
                "url": "https://api.github.com/repos/symfony/EventDispatcher/zipball/24f2c9ea9353cbb25dc40786272f0b4f42ba3d3c",
                "reference": "24f2c9ea9353cbb25dc40786272f0b4f42ba3d3c",
                "shasum": ""
            },
            "require": {
                "php": ">=5.3.3"
            },
            "require-dev": {
                "psr/log": "~1.0",
                "symfony/config": "~2.0,>=2.0.5",
                "symfony/dependency-injection": "~2.6",
                "symfony/expression-language": "~2.6",
                "symfony/stopwatch": "~2.3"
            },
            "suggest": {
                "symfony/dependency-injection": "",
                "symfony/http-kernel": ""
            },
            "type": "library",
            "extra": {
                "branch-alias": {
                    "dev-master": "2.7-dev"
                }
            },
            "autoload": {
                "psr-0": {
                    "Symfony\\Component\\EventDispatcher\\": ""
                }
            },
            "notification-url": "https://packagist.org/downloads/",
            "license": [
                "MIT"
            ],
            "authors": [
                {
                    "name": "Symfony Community",
                    "homepage": "http://symfony.com/contributors"
                },
                {
                    "name": "Fabien Potencier",
                    "email": "fabien@symfony.com"
                }
            ],
            "description": "Symfony EventDispatcher Component",
            "homepage": "http://symfony.com",
            "time": "2014-12-16 20:28:45"
        },
        {
            "name": "symfony/http-foundation",
            "version": "2.7.x-dev",
            "target-dir": "Symfony/Component/HttpFoundation",
            "source": {
                "type": "git",
                "url": "https://github.com/symfony/HttpFoundation.git",
                "reference": "56cc534d8d92afe9e9e585b89a0f9a3ebd28f924"
            },
            "dist": {
                "type": "zip",
                "url": "https://api.github.com/repos/symfony/HttpFoundation/zipball/56cc534d8d92afe9e9e585b89a0f9a3ebd28f924",
                "reference": "56cc534d8d92afe9e9e585b89a0f9a3ebd28f924",
                "shasum": ""
            },
            "require": {
                "php": ">=5.3.3"
            },
            "require-dev": {
                "symfony/expression-language": "~2.4"
            },
            "type": "library",
            "extra": {
                "branch-alias": {
                    "dev-master": "2.7-dev"
                }
            },
            "autoload": {
                "psr-0": {
                    "Symfony\\Component\\HttpFoundation\\": ""
                },
                "classmap": [
                    "Symfony/Component/HttpFoundation/Resources/stubs"
                ]
            },
            "notification-url": "https://packagist.org/downloads/",
            "license": [
                "MIT"
            ],
            "authors": [
                {
                    "name": "Symfony Community",
                    "homepage": "http://symfony.com/contributors"
                },
                {
                    "name": "Fabien Potencier",
                    "email": "fabien@symfony.com"
                }
            ],
            "description": "Symfony HttpFoundation Component",
            "homepage": "http://symfony.com",
            "time": "2014-12-20 16:07:09"
        },
        {
            "name": "symfony/http-kernel",
            "version": "2.7.x-dev",
            "target-dir": "Symfony/Component/HttpKernel",
            "source": {
                "type": "git",
                "url": "https://github.com/symfony/HttpKernel.git",
                "reference": "35ebc604b909067ac02c4782d015389ce8dc4aef"
            },
            "dist": {
                "type": "zip",
                "url": "https://api.github.com/repos/symfony/HttpKernel/zipball/35ebc604b909067ac02c4782d015389ce8dc4aef",
                "reference": "35ebc604b909067ac02c4782d015389ce8dc4aef",
                "shasum": ""
            },
            "require": {
                "php": ">=5.3.3",
                "psr/log": "~1.0",
                "symfony/debug": "~2.6",
                "symfony/event-dispatcher": "2.5.*,>2.5.8|~2.6,>2.6.1",
                "symfony/http-foundation": "~2.5,>=2.5.4"
            },
            "require-dev": {
                "symfony/browser-kit": "~2.3",
                "symfony/class-loader": "~2.1",
                "symfony/config": "~2.0,>=2.0.5",
                "symfony/console": "~2.3",
                "symfony/css-selector": "~2.0,>=2.0.5",
                "symfony/dependency-injection": "~2.2",
                "symfony/dom-crawler": "~2.0,>=2.0.5",
                "symfony/expression-language": "~2.4",
                "symfony/finder": "~2.0,>=2.0.5",
                "symfony/process": "~2.0,>=2.0.5",
                "symfony/routing": "~2.2",
                "symfony/stopwatch": "~2.3",
                "symfony/templating": "~2.2",
                "symfony/translation": "~2.0,>=2.0.5",
                "symfony/var-dumper": "~2.6"
            },
            "suggest": {
                "symfony/browser-kit": "",
                "symfony/class-loader": "",
                "symfony/config": "",
                "symfony/console": "",
                "symfony/dependency-injection": "",
                "symfony/finder": "",
                "symfony/var-dumper": ""
            },
            "type": "library",
            "extra": {
                "branch-alias": {
                    "dev-master": "2.7-dev"
                }
            },
            "autoload": {
                "psr-0": {
                    "Symfony\\Component\\HttpKernel\\": ""
                }
            },
            "notification-url": "https://packagist.org/downloads/",
            "license": [
                "MIT"
            ],
            "authors": [
                {
                    "name": "Symfony Community",
                    "homepage": "http://symfony.com/contributors"
                },
                {
                    "name": "Fabien Potencier",
                    "email": "fabien@symfony.com"
                }
            ],
            "description": "Symfony HttpKernel Component",
            "homepage": "http://symfony.com",
            "time": "2014-12-20 16:07:09"
        },
        {
            "name": "symfony/routing",
            "version": "2.7.x-dev",
            "target-dir": "Symfony/Component/Routing",
            "source": {
                "type": "git",
                "url": "https://github.com/symfony/Routing.git",
                "reference": "bf6c9c040bf26621e90ad651fdb1af24b6c5e1a1"
            },
            "dist": {
                "type": "zip",
                "url": "https://api.github.com/repos/symfony/Routing/zipball/bf6c9c040bf26621e90ad651fdb1af24b6c5e1a1",
                "reference": "bf6c9c040bf26621e90ad651fdb1af24b6c5e1a1",
                "shasum": ""
            },
            "require": {
                "php": ">=5.3.3"
            },
            "require-dev": {
                "doctrine/annotations": "~1.0",
                "doctrine/common": "~2.2",
                "psr/log": "~1.0",
                "symfony/config": "~2.2",
                "symfony/expression-language": "~2.4",
                "symfony/http-foundation": "~2.3",
                "symfony/yaml": "~2.0,>=2.0.5"
            },
            "suggest": {
                "doctrine/annotations": "For using the annotation loader",
                "symfony/config": "For using the all-in-one router or any loader",
                "symfony/expression-language": "For using expression matching",
                "symfony/yaml": "For using the YAML loader"
            },
            "type": "library",
            "extra": {
                "branch-alias": {
                    "dev-master": "2.7-dev"
                }
            },
            "autoload": {
                "psr-0": {
                    "Symfony\\Component\\Routing\\": ""
                }
            },
            "notification-url": "https://packagist.org/downloads/",
            "license": [
                "MIT"
            ],
            "authors": [
                {
                    "name": "Symfony Community",
                    "homepage": "http://symfony.com/contributors"
                },
                {
                    "name": "Fabien Potencier",
                    "email": "fabien@symfony.com"
                }
            ],
            "description": "Symfony Routing Component",
            "homepage": "http://symfony.com",
            "keywords": [
                "router",
                "routing",
                "uri",
                "url"
            ],
            "time": "2014-12-16 20:28:45"
        },
        {
            "name": "symfony/security",
            "version": "2.7.x-dev",
            "target-dir": "Symfony/Component/Security",
            "source": {
                "type": "git",
                "url": "https://github.com/symfony/Security.git",
                "reference": "c238807840e5a61a7c7f01cf8db8a80861c3e757"
            },
            "dist": {
                "type": "zip",
                "url": "https://api.github.com/repos/symfony/Security/zipball/c238807840e5a61a7c7f01cf8db8a80861c3e757",
                "reference": "c238807840e5a61a7c7f01cf8db8a80861c3e757",
                "shasum": ""
            },
            "require": {
                "php": ">=5.3.3",
                "symfony/event-dispatcher": "~2.2",
                "symfony/http-foundation": "~2.1",
                "symfony/http-kernel": "~2.4"
            },
            "replace": {
                "symfony/security-acl": "self.version",
                "symfony/security-core": "self.version",
                "symfony/security-csrf": "self.version",
                "symfony/security-http": "self.version"
            },
            "require-dev": {
                "doctrine/common": "~2.2",
                "doctrine/dbal": "~2.2",
                "ircmaxell/password-compat": "~1.0",
                "psr/log": "~1.0",
                "symfony/expression-language": "~2.6",
                "symfony/locale": "~2.0,>=2.0.5",
                "symfony/routing": "~2.2",
                "symfony/translation": "~2.0,>=2.0.5",
                "symfony/validator": "~2.5,>=2.5.5"
            },
            "suggest": {
                "doctrine/dbal": "For using the built-in ACL implementation",
                "ircmaxell/password-compat": "For using the BCrypt password encoder in PHP <5.5",
                "symfony/class-loader": "For using the ACL generateSql script",
                "symfony/expression-language": "For using the expression voter",
                "symfony/finder": "For using the ACL generateSql script",
                "symfony/routing": "For using the HttpUtils class to create sub-requests, redirect the user, and match URLs",
                "symfony/validator": "For using the user password constraint"
            },
            "type": "library",
            "extra": {
                "branch-alias": {
                    "dev-master": "2.7-dev"
                }
            },
            "autoload": {
                "psr-0": {
                    "Symfony\\Component\\Security\\": ""
                }
            },
            "notification-url": "https://packagist.org/downloads/",
            "license": [
                "MIT"
            ],
            "authors": [
                {
                    "name": "Symfony Community",
                    "homepage": "http://symfony.com/contributors"
                },
                {
                    "name": "Fabien Potencier",
                    "email": "fabien@symfony.com"
                }
            ],
            "description": "Symfony Security Component",
            "homepage": "http://symfony.com",
            "time": "2014-12-20 16:07:09"
        }
    ],
    "packages-dev": [],
    "aliases": [],
    "minimum-stability": "dev",
    "stability-flags": [],
    "prefer-stable": false,
    "platform": {
        "php": ">=5.3.2"
    },
    "platform-dev": []
}
